
Microsoft Visual Studio Solution File, Format Version 12.00
# Visual Studio 15
VisualStudioVersion = 15.0.26730.3
MinimumVisualStudioVersion = 10.0.40219.1
Project("{FAE04EC0-301F-11D3-BF4B-00C04F79EFBC}") = "Security", "Security\Security.csproj", "{88DC12D9-DC49-4865-BBC0-9EA16E28101F}"
EndProject
Global
	GlobalSection(SolutionConfigurationPlatforms) = preSolution
		Debug|Any CPU = Debug|Any CPU
		Release|Any CPU = Release|Any CPU
	EndGlobalSection
	GlobalSection(ProjectConfigurationPlatforms) = postSolution
		{88DC12D9-DC49-4865-BBC0-9EA16E28101F}.Debug|Any CPU.ActiveCfg = Debug|Any CPU
		{88DC12D9-DC49-4865-BBC0-9EA16E28101F}.Debug|Any CPU.Build.0 = Debug|Any CPU
		{88DC12D9-DC49-4865-BBC0-9EA16E28101F}.Release|Any CPU.ActiveCfg = Release|Any CPU
		{88DC12D9-DC49-4865-BBC0-9EA16E28101F}.Release|Any CPU.Build.0 = Release|Any CPU
	EndGlobalSection
	GlobalSection(SolutionProperties) = preSolution
		HideSolutionNode = FALSE
	EndGlobalSection
	GlobalSection(ExtensibilityGlobals) = postSolution
		SolutionGuid = {4EF2535C-AE1D-44AB-9A55-924DEC663390}
	EndGlobalSection
EndGlobal
