
Microsoft Visual Studio Solution File, Format Version 12.00
# Visual Studio 2012
Project("{FAE04EC0-301F-11D3-BF4B-00C04F79EFBC}") = "test", "test\test.csproj", "{219CF356-2E6F-44E6-8BBD-9D09BAA73F70}"
EndProject
Project("{2150E333-8FDC-42A3-9474-1A3956D46DE8}") = "Solution Items", "Solution Items", "{F36998A0-9426-4138-B6E5-F46987C2666C}"
	ProjectSection(SolutionItems) = preProject
		test.sln = test.sln
	EndProjectSection
EndProject
Global
	GlobalSection(SolutionConfigurationPlatforms) = preSolution
		Debug|Any CPU = Debug|Any CPU
		Release|Any CPU = Release|Any CPU
	EndGlobalSection
	GlobalSection(ProjectConfigurationPlatforms) = postSolution
		{219CF356-2E6F-44E6-8BBD-9D09BAA73F70}.Debug|Any CPU.ActiveCfg = Debug|Any CPU
		{219CF356-2E6F-44E6-8BBD-9D09BAA73F70}.Debug|Any CPU.Build.0 = Debug|Any CPU
		{219CF356-2E6F-44E6-8BBD-9D09BAA73F70}.Release|Any CPU.ActiveCfg = Release|Any CPU
		{219CF356-2E6F-44E6-8BBD-9D09BAA73F70}.Release|Any CPU.Build.0 = Release|Any CPU
	EndGlobalSection
	GlobalSection(NestedProjects) = preSolution
	EndGlobalSection
	GlobalSection(MonoDevelopProperties) = preSolution
		StartupItem = test\test.csproj
	EndGlobalSection
EndGlobal
